{
  "requires": true,
  "lockfileVersion": 1,
  "dependencies": {
    "pdfjs-dist": {
      "version": "2.9.359",
      "resolved": "https://registry.npmjs.org/pdfjs-dist/-/pdfjs-dist-2.9.359.tgz",
      "integrity": "sha512-P2nYtkacdlZaNNwrBLw1ZyMm0oE2yY/5S/GDCAmMJ7U4+ciL/D0mrlEC/o4HZZc/LNE3w8lEVzBEyVgEQlPVKQ==",
      "dev": true
    },
    "web-highlighter": {
      "version": "0.7.4",
      "resolved": "https://registry.npmjs.org/web-highlighter/-/web-highlighter-0.7.4.tgz",
      "integrity": "sha512-07mWw6ib+Abcr/fuKEWYPy1Y0MsCOz6yUUVw9xMpyt5UzyXWtSlcwzy2YqnccCP/LjtM9MZHQSo3dbGJII8h6w=="
    }
  }
}
